
Microsoft Visual Studio Solution File, Format Version 12.00
# Visual Studio Version 17
VisualStudioVersion = 17.1.32328.378
MinimumVisualStudioVersion = 10.0.40219.1
Project("{FAE04EC0-301F-11D3-BF4B-00C04F79EFBC}") = "ClinicaApp", "ClinicaApp\ClinicaApp.csproj", "{79D2E891-00EB-4CB1-9D70-E064F9064B75}"
EndProject
Global
	GlobalSection(SolutionConfigurationPlatforms) = preSolution
		Debug|Any CPU = Debug|Any CPU
		Release|Any CPU = Release|Any CPU
	EndGlobalSection
	GlobalSection(ProjectConfigurationPlatforms) = postSolution
		{79D2E891-00EB-4CB1-9D70-E064F9064B75}.Debug|Any CPU.ActiveCfg = Debug|Any CPU
		{79D2E891-00EB-4CB1-9D70-E064F9064B75}.Debug|Any CPU.Build.0 = Debug|Any CPU
		{79D2E891-00EB-4CB1-9D70-E064F9064B75}.Release|Any CPU.ActiveCfg = Release|Any CPU
		{79D2E891-00EB-4CB1-9D70-E064F9064B75}.Release|Any CPU.Build.0 = Release|Any CPU
	EndGlobalSection
	GlobalSection(SolutionProperties) = preSolution
		HideSolutionNode = FALSE
	EndGlobalSection
	GlobalSection(ExtensibilityGlobals) = postSolution
		SolutionGuid = {94622C9C-D44B-4043-B83A-C43940D62D62}
	EndGlobalSection
EndGlobal
